
Microsoft Visual Studio Solution File, Format Version 12.00
# Visual Studio 14
VisualStudioVersion = 14.0.25420.1
MinimumVisualStudioVersion = 10.0.40219.1
Project("{FAE04EC0-301F-11D3-BF4B-00C04F79EFBC}") = "BankApplication", "BankApplication\BankApplication.csproj", "{2B70EE79-597C-41C4-B772-CEF41DC90375}"
EndProject
Project("{FAE04EC0-301F-11D3-BF4B-00C04F79EFBC}") = "BankLibrary", "BankLibrary\BankLibrary.csproj", "{DCF37AD1-697B-4F7A-8595-E08C97FCBC04}"
EndProject
Global
	GlobalSection(SolutionConfigurationPlatforms) = preSolution
		Debug|Any CPU = Debug|Any CPU
		Release|Any CPU = Release|Any CPU
	EndGlobalSection
	GlobalSection(ProjectConfigurationPlatforms) = postSolution
		{2B70EE79-597C-41C4-B772-CEF41DC90375}.Debug|Any CPU.ActiveCfg = Debug|Any CPU
		{2B70EE79-597C-41C4-B772-CEF41DC90375}.Debug|Any CPU.Build.0 = Debug|Any CPU
		{2B70EE79-597C-41C4-B772-CEF41DC90375}.Release|Any CPU.ActiveCfg = Release|Any CPU
		{2B70EE79-597C-41C4-B772-CEF41DC90375}.Release|Any CPU.Build.0 = Release|Any CPU
		{DCF37AD1-697B-4F7A-8595-E08C97FCBC04}.Debug|Any CPU.ActiveCfg = Debug|Any CPU
		{DCF37AD1-697B-4F7A-8595-E08C97FCBC04}.Debug|Any CPU.Build.0 = Debug|Any CPU
		{DCF37AD1-697B-4F7A-8595-E08C97FCBC04}.Release|Any CPU.ActiveCfg = Release|Any CPU
		{DCF37AD1-697B-4F7A-8595-E08C97FCBC04}.Release|Any CPU.Build.0 = Release|Any CPU
	EndGlobalSection
	GlobalSection(SolutionProperties) = preSolution
		HideSolutionNode = FALSE
	EndGlobalSection
EndGlobal
